// !$*UTF8*$!
{
	archiveVersion = 1;
	classes = {
	};
	objectVersion = 56;
	objects = {

/* Begin PBXBuildFile section */
		74822C922A652B6700271E72 /* EggLocationPicker.swift in Sources */ = {isa = PBXBuildFile; fileRef = 74822C912A652B6700271E72 /* EggLocationPicker.swift */; };
		74822C942A65344300271E72 /* OrderForm.swift in Sources */ = {isa = PBXBuildFile; fileRef = 74822C932A65344300271E72 /* OrderForm.swift */; };
		74822C982A657A6500271E72 /* Localizable.xcstrings in Resources */ = {isa = PBXBuildFile; fileRef = 74822C972A657A6500271E72 /* Localizable.xcstrings */; };
		74822C9A2A6588D500271E72 /* OrderStore.swift in Sources */ = {isa = PBXBuildFile; fileRef = 74822C992A6588D500271E72 /* OrderStore.swift */; };
		74DE3F202A64F4CD00868E16 /* AvocadoToastApp.swift in Sources */ = {isa = PBXBuildFile; fileRef = 74DE3F1F2A64F4CD00868E16 /* AvocadoToastApp.swift */; };
		74DE3F222A64F4CD00868E16 /* ContentView.swift in Sources */ = {isa = PBXBuildFile; fileRef = 74DE3F212A64F4CD00868E16 /* ContentView.swift */; };
		74DE3F242A64F4CF00868E16 /* Assets.xcassets in Resources */ = {isa = PBXBuildFile; fileRef = 74DE3F232A64F4CF00868E16 /* Assets.xcassets */; };
		74DE3F272A64F4CF00868E16 /* Preview Assets.xcassets in Resources */ = {isa = PBXBuildFile; fileRef = 74DE3F262A64F4CF00868E16 /* Preview Assets.xcassets */; };
		74DE3F2E2A64F71300868E16 /* Order.swift in Sources */ = {isa = PBXBuildFile; fileRef = 74DE3F2D2A64F71300868E16 /* Order.swift */; };
		74DE3F302A64FC8100868E16 /* CompletedOrder.swift in Sources */ = {isa = PBXBuildFile; fileRef = 74DE3F2F2A64FC8100868E16 /* CompletedOrder.swift */; };
		74DE3F322A64FCA800868E16 /* OrderHistory.swift in Sources */ = {isa = PBXBuildFile; fileRef = 74DE3F312A64FCA800868E16 /* OrderHistory.swift */; };
		74DE3F342A65026700868E16 /* Topping.swift in Sources */ = {isa = PBXBuildFile; fileRef = 74DE3F332A65026700868E16 /* Topping.swift */; };
		74DE3F362A65073B00868E16 /* ToppingIcon.swift in Sources */ = {isa = PBXBuildFile; fileRef = 74DE3F352A65073B00868E16 /* ToppingIcon.swift */; };
		74DE3F3A2A650FC300868E16 /* Bread.swift in Sources */ = {isa = PBXBuildFile; fileRef = 74DE3F392A650FC300868E16 /* Bread.swift */; };
		74DE3F3C2A6510F900868E16 /* Spread.swift in Sources */ = {isa = PBXBuildFile; fileRef = 74DE3F3B2A6510F900868E16 /* Spread.swift */; };
		74DE3F3E2A65115000868E16 /* AvocadoStyle.swift in Sources */ = {isa = PBXBuildFile; fileRef = 74DE3F3D2A65115000868E16 /* AvocadoStyle.swift */; };
/* End PBXBuildFile section */

/* Begin PBXFileReference section */
		74822C912A652B6700271E72 /* EggLocationPicker.swift */ = {isa = PBXFileReference; lastKnownFileType = sourcecode.swift; path = EggLocationPicker.swift; sourceTree = "<group>"; };
		74822C932A65344300271E72 /* OrderForm.swift */ = {isa = PBXFileReference; lastKnownFileType = sourcecode.swift; path = OrderForm.swift; sourceTree = "<group>"; };
		74822C972A657A6500271E72 /* Localizable.xcstrings */ = {isa = PBXFileReference; lastKnownFileType = text.json.xcstrings; path = Localizable.xcstrings; sourceTree = "<group>"; };
		74822C992A6588D500271E72 /* OrderStore.swift */ = {isa = PBXFileReference; lastKnownFileType = sourcecode.swift; path = OrderStore.swift; sourceTree = "<group>"; };
		74DE3F1C2A64F4CD00868E16 /* AvocadoToast.app */ = {isa = PBXFileReference; explicitFileType = wrapper.application; includeInIndex = 0; path = AvocadoToast.app; sourceTree = BUILT_PRODUCTS_DIR; };
		74DE3F1F2A64F4CD00868E16 /* AvocadoToastApp.swift */ = {isa = PBXFileReference; lastKnownFileType = sourcecode.swift; path = AvocadoToastApp.swift; sourceTree = "<group>"; };
		74DE3F212A64F4CD00868E16 /* ContentView.swift */ = {isa = PBXFileReference; lastKnownFileType = sourcecode.swift; path = ContentView.swift; sourceTree = "<group>"; };
		74DE3F232A64F4CF00868E16 /* Assets.xcassets */ = {isa = PBXFileReference; lastKnownFileType = folder.assetcatalog; path = Assets.xcassets; sourceTree = "<group>"; };
		74DE3F262A64F4CF00868E16 /* Preview Assets.xcassets */ = {isa = PBXFileReference; lastKnownFileType = folder.assetcatalog; path = "Preview Assets.xcassets"; sourceTree = "<group>"; };
		74DE3F2D2A64F71300868E16 /* Order.swift */ = {isa = PBXFileReference; lastKnownFileType = sourcecode.swift; path = Order.swift; sourceTree = "<group>"; };
		74DE3F2F2A64FC8100868E16 /* CompletedOrder.swift */ = {isa = PBXFileReference; lastKnownFileType = sourcecode.swift; path = CompletedOrder.swift; sourceTree = "<group>"; };
		74DE3F312A64FCA800868E16 /* OrderHistory.swift */ = {isa = PBXFileReference; lastKnownFileType = sourcecode.swift; path = OrderHistory.swift; sourceTree = "<group>"; };
		74DE3F332A65026700868E16 /* Topping.swift */ = {isa = PBXFileReference; lastKnownFileType = sourcecode.swift; path = Topping.swift; sourceTree = "<group>"; };
		74DE3F352A65073B00868E16 /* ToppingIcon.swift */ = {isa = PBXFileReference; lastKnownFileType = sourcecode.swift; path = ToppingIcon.swift; sourceTree = "<group>"; };
		74DE3F392A650FC300868E16 /* Bread.swift */ = {isa = PBXFileReference; lastKnownFileType = sourcecode.swift; path = Bread.swift; sourceTree = "<group>"; };
		74DE3F3B2A6510F900868E16 /* Spread.swift */ = {isa = PBXFileReference; lastKnownFileType = sourcecode.swift; path = Spread.swift; sourceTree = "<group>"; };
		74DE3F3D2A65115000868E16 /* AvocadoStyle.swift */ = {isa = PBXFileReference; lastKnownFileType = sourcecode.swift; path = AvocadoStyle.swift; sourceTree = "<group>"; };
/* End PBXFileReference section */

/* Begin PBXFrameworksBuildPhase section */
		74DE3F192A64F4CD00868E16 /* Frameworks */ = {
			isa = PBXFrameworksBuildPhase;
			buildActionMask = 2147483647;
			files = (
			);
			runOnlyForDeploymentPostprocessing = 0;
		};
/* End PBXFrameworksBuildPhase section */

/* Begin PBXGroup section */
		74DE3F132A64F4CD00868E16 = {
			isa = PBXGroup;
			children = (
				74DE3F1E2A64F4CD00868E16 /* AvocadoToast */,
				74DE3F1D2A64F4CD00868E16 /* Products */,
			);
			sourceTree = "<group>";
		};
		74DE3F1D2A64F4CD00868E16 /* Products */ = {
			isa = PBXGroup;
			children = (
				74DE3F1C2A64F4CD00868E16 /* AvocadoToast.app */,
			);
			name = Products;
			sourceTree = "<group>";
		};
		74DE3F1E2A64F4CD00868E16 /* AvocadoToast */ = {
			isa = PBXGroup;
			children = (
				74DE3F1F2A64F4CD00868E16 /* AvocadoToastApp.swift */,
				74DE3F212A64F4CD00868E16 /* ContentView.swift */,
				74DE3F372A65078200868E16 /* Views */,
				74DE3F382A65079400868E16 /* Models */,
				74DE3F232A64F4CF00868E16 /* Assets.xcassets */,
				74822C972A657A6500271E72 /* Localizable.xcstrings */,
				74DE3F252A64F4CF00868E16 /* Preview Content */,
			);
			path = AvocadoToast;
			sourceTree = "<group>";
		};
		74DE3F252A64F4CF00868E16 /* Preview Content */ = {
			isa = PBXGroup;
			children = (
				74DE3F262A64F4CF00868E16 /* Preview Assets.xcassets */,
			);
			path = "Preview Content";
			sourceTree = "<group>";
		};
		74DE3F372A65078200868E16 /* Views */ = {
			isa = PBXGroup;
			children = (
				74822C912A652B6700271E72 /* EggLocationPicker.swift */,
				74822C932A65344300271E72 /* OrderForm.swift */,
				74DE3F312A64FCA800868E16 /* OrderHistory.swift */,
				74DE3F352A65073B00868E16 /* ToppingIcon.swift */,
			);
			path = Views;
			sourceTree = "<group>";
		};
		74DE3F382A65079400868E16 /* Models */ = {
			isa = PBXGroup;
			children = (
				74DE3F3D2A65115000868E16 /* AvocadoStyle.swift */,
				74DE3F392A650FC300868E16 /* Bread.swift */,
				74DE3F2F2A64FC8100868E16 /* CompletedOrder.swift */,
				74DE3F2D2A64F71300868E16 /* Order.swift */,
				74822C992A6588D500271E72 /* OrderStore.swift */,
				74DE3F3B2A6510F900868E16 /* Spread.swift */,
				74DE3F332A65026700868E16 /* Topping.swift */,
			);
			path = Models;
			sourceTree = "<group>";
		};
/* End PBXGroup section */

/* Begin PBXNativeTarget section */
		74DE3F1B2A64F4CD00868E16 /* AvocadoToast */ = {
			isa = PBXNativeTarget;
			buildConfigurationList = 74DE3F2A2A64F4CF00868E16 /* Build configuration list for PBXNativeTarget "AvocadoToast" */;
			buildPhases = (
				74DE3F182A64F4CD00868E16 /* Sources */,
				74DE3F192A64F4CD00868E16 /* Frameworks */,
				74DE3F1A2A64F4CD00868E16 /* Resources */,
			);
			buildRules = (
			);
			dependencies = (
			);
			name = AvocadoToast;
			productName = AvocadoToast;
			productReference = 74DE3F1C2A64F4CD00868E16 /* AvocadoToast.app */;
			productType = "com.apple.product-type.application";
		};
/* End PBXNativeTarget section */

/* Begin PBXProject section */
		74DE3F142A64F4CD00868E16 /* Project object */ = {
			isa = PBXProject;
			attributes = {
				BuildIndependentTargetsInParallel = 1;
				LastSwiftUpdateCheck = 1500;
				LastUpgradeCheck = 1500;
				TargetAttributes = {
					74DE3F1B2A64F4CD00868E16 = {
						CreatedOnToolsVersion = 15.0;
					};
				};
			};
			buildConfigurationList = 74DE3F172A64F4CD00868E16 /* Build configuration list for PBXProject "AvocadoToast" */;
			compatibilityVersion = "Xcode 14.0";
			developmentRegion = en;
			hasScannedForEncodings = 0;
			knownRegions = (
				en,
				Base,
				ja,
			);
			mainGroup = 74DE3F132A64F4CD00868E16;
			productRefGroup = 74DE3F1D2A64F4CD00868E16 /* Products */;
			projectDirPath = "";
			projectRoot = "";
			targets = (
				74DE3F1B2A64F4CD00868E16 /* AvocadoToast */,
			);
		};
/* End PBXProject section */

/* Begin PBXResourcesBuildPhase section */
		74DE3F1A2A64F4CD00868E16 /* Resources */ = {
			isa = PBXResourcesBuildPhase;
			buildActionMask = 2147483647;
			files = (
				74DE3F272A64F4CF00868E16 /* Preview Assets.xcassets in Resources */,
				74DE3F242A64F4CF00868E16 /* Assets.xcassets in Resources */,
				74822C982A657A6500271E72 /* Localizable.xcstrings in Resources */,
			);
			runOnlyForDeploymentPostprocessing = 0;
		};
/* End PBXResourcesBuildPhase section */

/* Begin PBXSourcesBuildPhase section */
		74DE3F182A64F4CD00868E16 /* Sources */ = {
			isa = PBXSourcesBuildPhase;
			buildActionMask = 2147483647;
			files = (
				74822C9A2A6588D500271E72 /* OrderStore.swift in Sources */,
				74DE3F322A64FCA800868E16 /* OrderHistory.swift in Sources */,
				74DE3F3C2A6510F900868E16 /* Spread.swift in Sources */,
				74DE3F302A64FC8100868E16 /* CompletedOrder.swift in Sources */,
				74DE3F2E2A64F71300868E16 /* Order.swift in Sources */,
				74DE3F362A65073B00868E16 /* ToppingIcon.swift in Sources */,
				74DE3F3E2A65115000868E16 /* AvocadoStyle.swift in Sources */,
				74822C942A65344300271E72 /* OrderForm.swift in Sources */,
				74DE3F3A2A650FC300868E16 /* Bread.swift in Sources */,
				74DE3F342A65026700868E16 /* Topping.swift in Sources */,
				74822C922A652B6700271E72 /* EggLocationPicker.swift in Sources */,
				74DE3F222A64F4CD00868E16 /* ContentView.swift in Sources */,
				74DE3F202A64F4CD00868E16 /* AvocadoToastApp.swift in Sources */,
			);
			runOnlyForDeploymentPostprocessing = 0;
		};
/* End PBXSourcesBuildPhase section */

/* Begin XCBuildConfiguration section */
		74DE3F282A64F4CF00868E16 /* Debug */ = {
			isa = XCBuildConfiguration;
			buildSettings = {
				ALWAYS_SEARCH_USER_PATHS = NO;
				ASSETCATALOG_COMPILER_GENERATE_SWIFT_ASSET_SYMBOL_EXTENSIONS = YES;
				CLANG_ANALYZER_NONNULL = YES;
				CLANG_ANALYZER_NUMBER_OBJECT_CONVERSION = YES_AGGRESSIVE;
				CLANG_CXX_LANGUAGE_STANDARD = "gnu++20";
				CLANG_ENABLE_MODULES = YES;
				CLANG_ENABLE_OBJC_ARC = YES;
				CLANG_ENABLE_OBJC_WEAK = YES;
				CLANG_WARN_BLOCK_CAPTURE_AUTORELEASING = YES;
				CLANG_WARN_BOOL_CONVERSION = YES;
				CLANG_WARN_COMMA = YES;
				CLANG_WARN_CONSTANT_CONVERSION = YES;
				CLANG_WARN_DEPRECATED_OBJC_IMPLEMENTATIONS = YES;
				CLANG_WARN_DIRECT_OBJC_ISA_USAGE = YES_ERROR;
				CLANG_WARN_DOCUMENTATION_COMMENTS = YES;
				CLANG_WARN_EMPTY_BODY = YES;
				CLANG_WARN_ENUM_CONVERSION = YES;
				CLANG_WARN_INFINITE_RECURSION = YES;
				CLANG_WARN_INT_CONVERSION = YES;
				CLANG_WARN_NON_LITERAL_NULL_CONVERSION = YES;
				CLANG_WARN_OBJC_IMPLICIT_RETAIN_SELF = YES;
				CLANG_WARN_OBJC_LITERAL_CONVERSION = YES;
				CLANG_WARN_OBJC_ROOT_CLASS = YES_ERROR;
				CLANG_WARN_QUOTED_INCLUDE_IN_FRAMEWORK_HEADER = YES;
				CLANG_WARN_RANGE_LOOP_ANALYSIS = YES;
				CLANG_WARN_STRICT_PROTOTYPES = YES;
				CLANG_WARN_SUSPICIOUS_MOVE = YES;
				CLANG_WARN_UNGUARDED_AVAILABILITY = YES_AGGRESSIVE;
				CLANG_WARN_UNREACHABLE_CODE = YES;
				CLANG_WARN__DUPLICATE_METHOD_MATCH = YES;
				COPY_PHASE_STRIP = NO;
				DEBUG_INFORMATION_FORMAT = dwarf;
				ENABLE_STRICT_OBJC_MSGSEND = YES;
				ENABLE_TESTABILITY = YES;
				ENABLE_USER_SCRIPT_SANDBOXING = YES;
				GCC_C_LANGUAGE_STANDARD = gnu17;
				GCC_DYNAMIC_NO_PIC = NO;
				GCC_NO_COMMON_BLOCKS = YES;
				GCC_OPTIMIZATION_LEVEL = 0;
				GCC_PREPROCESSOR_DEFINITIONS = (
					"DEBUG=1",
					"$(inherited)",
				);
				GCC_WARN_64_TO_32_BIT_CONVERSION = YES;
				GCC_WARN_ABOUT_RETURN_TYPE = YES_ERROR;
				GCC_WARN_UNDECLARED_SELECTOR = YES;
				GCC_WARN_UNINITIALIZED_AUTOS = YES_AGGRESSIVE;
				GCC_WARN_UNUSED_FUNCTION = YES;
				GCC_WARN_UNUSED_VARIABLE = YES;
				IPHONEOS_DEPLOYMENT_TARGET = 14.0;
				LOCALIZATION_PREFERS_STRING_CATALOGS = YES;
				MTL_ENABLE_DEBUG_INFO = INCLUDE_SOURCE;
				MTL_FAST_MATH = YES;
				ONLY_ACTIVE_ARCH = YES;
				SDKROOT = iphoneos;
				SWIFT_ACTIVE_COMPILATION_CONDITIONS = "DEBUG $(inherited)";
				SWIFT_OPTIMIZATION_LEVEL = "-Onone";
			};
			name = Debug;
		};
		74DE3F292A64F4CF00868E16 /* Release */ = {
			isa = XCBuildConfiguration;
			buildSettings = {
				ALWAYS_SEARCH_USER_PATHS = NO;
				ASSETCATALOG_COMPILER_GENERATE_SWIFT_ASSET_SYMBOL_EXTENSIONS = YES;
				CLANG_ANALYZER_NONNULL = YES;
				CLANG_ANALYZER_NUMBER_OBJECT_CONVERSION = YES_AGGRESSIVE;
				CLANG_CXX_LANGUAGE_STANDARD = "gnu++20";
				CLANG_ENABLE_MODULES = YES;
				CLANG_ENABLE_OBJC_ARC = YES;
				CLANG_ENABLE_OBJC_WEAK = YES;
				CLANG_WARN_BLOCK_CAPTURE_AUTORELEASING = YES;
				CLANG_WARN_BOOL_CONVERSION = YES;
				CLANG_WARN_COMMA = YES;
				CLANG_WARN_CONSTANT_CONVERSION = YES;
				CLANG_WARN_DEPRECATED_OBJC_IMPLEMENTATIONS = YES;
				CLANG_WARN_DIRECT_OBJC_ISA_USAGE = YES_ERROR;
				CLANG_WARN_DOCUMENTATION_COMMENTS = YES;
				CLANG_WARN_EMPTY_BODY = YES;
				CLANG_WARN_ENUM_CONVERSION = YES;
				CLANG_WARN_INFINITE_RECURSION = YES;
				CLANG_WARN_INT_CONVERSION = YES;
				CLANG_WARN_NON_LITERAL_NULL_CONVERSION = YES;
				CLANG_WARN_OBJC_IMPLICIT_RETAIN_SELF = YES;
				CLANG_WARN_OBJC_LITERAL_CONVERSION = YES;
				CLANG_WARN_OBJC_ROOT_CLASS = YES_ERROR;
				CLANG_WARN_QUOTED_INCLUDE_IN_FRAMEWORK_HEADER = YES;
				CLANG_WARN_RANGE_LOOP_ANALYSIS = YES;
				CLANG_WARN_STRICT_PROTOTYPES = YES;
				CLANG_WARN_SUSPICIOUS_MOVE = YES;
				CLANG_WARN_UNGUARDED_AVAILABILITY = YES_AGGRESSIVE;
				CLANG_WARN_UNREACHABLE_CODE = YES;
				CLANG_WARN__DUPLICATE_METHOD_MATCH = YES;
				COPY_PHASE_STRIP = NO;
				DEBUG_INFORMATION_FORMAT = "dwarf-with-dsym";
				ENABLE_NS_ASSERTIONS = NO;
				ENABLE_STRICT_OBJC_MSGSEND = YES;
				ENABLE_USER_SCRIPT_SANDBOXING = YES;
				GCC_C_LANGUAGE_STANDARD = gnu17;
				GCC_NO_COMMON_BLOCKS = YES;
				GCC_WARN_64_TO_32_BIT_CONVERSION = YES;
				GCC_WARN_ABOUT_RETURN_TYPE = YES_ERROR;
				GCC_WARN_UNDECLARED_SELECTOR = YES;
				GCC_WARN_UNINITIALIZED_AUTOS = YES_AGGRESSIVE;
				GCC_WARN_UNUSED_FUNCTION = YES;
				GCC_WARN_UNUSED_VARIABLE = YES;
				IPHONEOS_DEPLOYMENT_TARGET = 14.0;
				LOCALIZATION_PREFERS_STRING_CATALOGS = YES;
				MTL_ENABLE_DEBUG_INFO = NO;
				MTL_FAST_MATH = YES;
				SDKROOT = iphoneos;
				SWIFT_COMPILATION_MODE = wholemodule;
				VALIDATE_PRODUCT = YES;
			};
			name = Release;
		};
		74DE3F2B2A64F4CF00868E16 /* Debug */ = {
			isa = XCBuildConfiguration;
			buildSettings = {
				ASSETCATALOG_COMPILER_APPICON_NAME = AppIcon;
				ASSETCATALOG_COMPILER_GLOBAL_ACCENT_COLOR_NAME = AccentColor;
				CODE_SIGN_STYLE = Automatic;
				CURRENT_PROJECT_VERSION = 1;
				DEVELOPMENT_ASSET_PATHS = "\"AvocadoToast/Preview Content\"";
				DEVELOPMENT_TEAM = "";
				ENABLE_PREVIEWS = YES;
				GENERATE_INFOPLIST_FILE = YES;
				INFOPLIST_KEY_UIApplicationSceneManifest_Generation = YES;
				INFOPLIST_KEY_UIApplicationSupportsIndirectInputEvents = YES;
				INFOPLIST_KEY_UILaunchScreen_Generation = YES;
				INFOPLIST_KEY_UISupportedInterfaceOrientations_iPad = "UIInterfaceOrientationPortrait UIInterfaceOrientationPortraitUpsideDown UIInterfaceOrientationLandscapeLeft UIInterfaceOrientationLandscapeRight";
				INFOPLIST_KEY_UISupportedInterfaceOrientations_iPhone = "UIInterfaceOrientationPortrait UIInterfaceOrientationLandscapeLeft UIInterfaceOrientationLandscapeRight";
				LD_RUNPATH_SEARCH_PATHS = (
					"$(inherited)",
					"@executable_path/Frameworks",
				);
				MARKETING_VERSION = 1.0;
				PRODUCT_BUNDLE_IDENTIFIER = com.example.swiftui.AvocadoToast;
				PRODUCT_NAME = "$(TARGET_NAME)";
				SWIFT_EMIT_LOC_STRINGS = YES;
				SWIFT_VERSION = 5.0;
				TARGETED_DEVICE_FAMILY = "1,2";
			};
			name = Debug;
		};
		74DE3F2C2A64F4CF00868E16 /* Release */ = {
			isa = XCBuildConfiguration;
			buildSettings = {
				ASSETCATALOG_COMPILER_APPICON_NAME = AppIcon;
				ASSETCATALOG_COMPILER_GLOBAL_ACCENT_COLOR_NAME = AccentColor;
				CODE_SIGN_STYLE = Automatic;
				CURRENT_PROJECT_VERSION = 1;
				DEVELOPMENT_ASSET_PATHS = "\"AvocadoToast/Preview Content\"";
				DEVELOPMENT_TEAM = "";
				ENABLE_PREVIEWS = YES;
				GENERATE_INFOPLIST_FILE = YES;
				INFOPLIST_KEY_UIApplicationSceneManifest_Generation = YES;
				INFOPLIST_KEY_UIApplicationSupportsIndirectInputEvents = YES;
				INFOPLIST_KEY_UILaunchScreen_Generation = YES;
				INFOPLIST_KEY_UISupportedInterfaceOrientations_iPad = "UIInterfaceOrientationPortrait UIInterfaceOrientationPortraitUpsideDown UIInterfaceOrientationLandscapeLeft UIInterfaceOrientationLandscapeRight";
				INFOPLIST_KEY_UISupportedInterfaceOrientations_iPhone = "UIInterfaceOrientationPortrait UIInterfaceOrientationLandscapeLeft UIInterfaceOrientationLandscapeRight";
				LD_RUNPATH_SEARCH_PATHS = (
					"$(inherited)",
					"@executable_path/Frameworks",
				);
				MARKETING_VERSION = 1.0;
				PRODUCT_BUNDLE_IDENTIFIER = com.example.swiftui.AvocadoToast;
				PRODUCT_NAME = "$(TARGET_NAME)";
				SWIFT_EMIT_LOC_STRINGS = YES;
				SWIFT_VERSION = 5.0;
				TARGETED_DEVICE_FAMILY = "1,2";
			};
			name = Release;
		};
/* End XCBuildConfiguration section */

/* Begin XCConfigurationList section */
		74DE3F172A64F4CD00868E16 /* Build configuration list for PBXProject "AvocadoToast" */ = {
			isa = XCConfigurationList;
			buildConfigurations = (
				74DE3F282A64F4CF00868E16 /* Debug */,
				74DE3F292A64F4CF00868E16 /* Release */,
			);
			defaultConfigurationIsVisible = 0;
			defaultConfigurationName = Release;
		};
		74DE3F2A2A64F4CF00868E16 /* Build configuration list for PBXNativeTarget "AvocadoToast" */ = {
			isa = XCConfigurationList;
			buildConfigurations = (
				74DE3F2B2A64F4CF00868E16 /* Debug */,
				74DE3F2C2A64F4CF00868E16 /* Release */,
			);
			defaultConfigurationIsVisible = 0;
			defaultConfigurationName = Release;
		};
/* End XCConfigurationList section */
	};
	rootObject = 74DE3F142A64F4CD00868E16 /* Project object */;
}
